{
  "name": "nick-os-email-decisions",
  "version": "0.1.0",
  "lockfileVersion": 3,
  "requires": true,
  "packages": {
    "": {
      "name": "nick-os-email-decisions",
      "version": "0.1.0",
      "dependencies": {
        "react": "^19.2.8",
        "react-dom": "^19.2.8"
      },
      "devDependencies": {
        "@types/node": "^24.13.3",
        "@types/react": "^19.2.18",
        "@types/react-dom": "^19.2.7",
        "@vitejs/plugin-react": "^6.1.1",
        "oxlint": "^1.81.0",
        "typescript": "~6.0.2",
        "vite": "^8.3.0"
      }
    },
    "node_modules/@oxc-project/types": {
      "version": "0.150.0",
      "resolved": "https://registry.npmjs.org/@oxc-project/types/-/types-0.150.0.tgz",
      "integrity": "sha512-rDS5/31E9HfPl/CIzGrn0DOlvBbXFseQ5URJ9sYMfstbKLD/c6Gm9vmRzRGDdAXyOIL4zmO37lc9RIwYqVruZw==",
      "dev": true,
      "license": "MIT",
      "funding": {
        "url": "https://github.com/sponsors/oxc-project"
      }
    },
    "node_modules/@oxlint/binding-android-arm-eabi": {
      "version": "1.83.0",
      "resolved": "https://registry.npmjs.org/@oxlint/binding-android-arm-eabi/-/binding-android-arm-eabi-1.83.0.tgz",
      "integrity": "sha512-0yGY24EwsLk5YDe6F+VkmZyRHSwJDALa3nIrPpq7FXmp2lV2d0TzvBCGeMTP24/YCYpw4QI7VidYsBtKavczXf+DyDs9WGxw==",
      "cpu": [
        "arm"
      ],
      "dev": true,
      "license": "MIT",
      "optional": true,
      "os": [
        "android"
      ],
      "engines": {
        "node": "^20.19.0 || >=22.12.0"
      }
    }
  }
}
